
Microsoft Visual Studio Solution File, Format Version 12.00
# Visual Studio Version 16
VisualStudioVersion = 16.0.30517.126
MinimumVisualStudioVersion = 10.0.40219.1
Project("{FAE04EC0-301F-11D3-BF4B-00C04F79EFBC}") = "FlyLolo.JWT.API", "FlyLolo.JWT.API\FlyLolo.JWT.API.csproj", "{B0AA205A-1DEE-440F-8918-1B94F21CA195}"
EndProject
Global
	GlobalSection(SolutionConfigurationPlatforms) = preSolution
		Debug|Any CPU = Debug|Any CPU
		Release|Any CPU = Release|Any CPU
	EndGlobalSection
	GlobalSection(ProjectConfigurationPlatforms) = postSolution
		{B0AA205A-1DEE-440F-8918-1B94F21CA195}.Debug|Any CPU.ActiveCfg = Debug|Any CPU
		{B0AA205A-1DEE-440F-8918-1B94F21CA195}.Debug|Any CPU.Build.0 = Debug|Any CPU
		{B0AA205A-1DEE-440F-8918-1B94F21CA195}.Release|Any CPU.ActiveCfg = Release|Any CPU
		{B0AA205A-1DEE-440F-8918-1B94F21CA195}.Release|Any CPU.Build.0 = Release|Any CPU
	EndGlobalSection
	GlobalSection(SolutionProperties) = preSolution
		HideSolutionNode = FALSE
	EndGlobalSection
	GlobalSection(ExtensibilityGlobals) = postSolution
		SolutionGuid = {12222534-91D1-4002-8AFF-961E570A9F1E}
	EndGlobalSection
EndGlobal
